<?xml version="1.0" encoding="utf-8"?>
<Project ToolsVersion="4.0" xmlns="http://schemas.microsoft.com/developer/msbuild/2003">
  <ItemGroup>
    <Filter Include="Resource Files">
      <UniqueIdentifier>{1a913106-0be0-4476-b0ce-2aa855072614}</UniqueIdentifier>
      <Extensions>ico;cur;bmp;dlg;rc2;rct;bin;cnt;rtf;gif;jpg;jpeg;jpe</Extensions>
    </Filter>
    <Filter Include="MFC">
      <UniqueIdentifier>{da904ee8-7f59-4a6c-b3ff-b91b6fb6d0ea}</UniqueIdentifier>
    </Filter>
    <Filter Include="GameLibrary">
      <UniqueIdentifier>{df7aa532-3fdf-46a0-b3fc-8f5922e8d9e4}</UniqueIdentifier>
    </Filter>
    <Filter Include="MyGame">
      <UniqueIdentifier>{0c798913-b7d2-4e26-8241-0f83266cd626}</UniqueIdentifier>
    </Filter>
  </ItemGroup>
  <ItemGroup>
    <None Include="Res\ball.bmp">
      <Filter>Resource Files</Filter>
    </None>
    <None Include="RES\bmp0.bmp">
      <Filter>Resource Files</Filter>
    </None>
    <None Include="RES\bmp1.bmp">
      <Filter>Resource Files</Filter>
    </None>
    <None Include="RES\bmp10.bmp">
      <Filter>Resource Files</Filter>
    </None>
    <None Include="RES\bmp2.bmp">
      <Filter>Resource Files</Filter>
    </None>
    <None Include="RES\bmp3.bmp">
      <Filter>Resource Files</Filter>
    </None>
    <None Include="RES\bmp4.bmp">
      <Filter>Resource Files</Filter>
    </None>
    <None Include="RES\bmp5.bmp">
      <Filter>Resource Files</Filter>
    </None>
    <None Include="RES\bmp6.bmp">
      <Filter>Resource Files</Filter>
    </None>
    <None Include="RES\bmp7.bmp">
      <Filter>Resource Files</Filter>
    </None>
    <None Include="RES\bmp8.bmp">
      <Filter>Resource Files</Filter>
    </None>
    <None Include="RES\bmp9.bmp">
      <Filter>Resource Files</Filter>
    </None>
    <None Include="RES\center.bmp">
      <Filter>Resource Files</Filter>
    </None>
    <None Include="RES\continue.bmp">
      <Filter>Resource Files</Filter>
    </None>
    <None Include="Res\corner.bmp">
      <Filter>Resource Files</Filter>
    </None>
    <None Include="RES\eraser1.bmp">
      <Filter>Resource Files</Filter>
    </None>
    <None Include="RES\eraser2.bmp">
      <Filter>Resource Files</Filter>
    </None>
    <None Include="RES\eraser3.bmp">
      <Filter>Resource Files</Filter>
    </None>
    <None Include="res\game.ico">
      <Filter>Resource Files</Filter>
    </None>
    <None Include="res\game.rc2">
      <Filter>Resource Files</Filter>
    </None>
    <None Include="RES\gamecurs.cur">
      <Filter>Resource Files</Filter>
    </None>
    <None Include="RES\help.bmp">
      <Filter>Resource Files</Filter>
    </None>
    <None Include="RES\loading.bmp">
      <Filter>Resource Files</Filter>
    </None>
    <None Include="RES\ntutcsie.bmp">
      <Filter>Resource Files</Filter>
    </None>
    <None Include="res\Toolbar.bmp">
      <Filter>Resource Files</Filter>
    </None>
  </ItemGroup>
  <ItemGroup>
    <ClCompile Include="Source\audio.cpp">
      <Filter>GameLibrary</Filter>
    </ClCompile>
    <ClCompile Include="Source\game.cpp">
      <Filter>MFC</Filter>
    </ClCompile>
    <ClCompile Include="Source\gameDoc.cpp">
      <Filter>MFC</Filter>
    </ClCompile>
    <ClCompile Include="Source\gamelib.cpp">
      <Filter>GameLibrary</Filter>
    </ClCompile>
    <ClCompile Include="Source\gameView.cpp">
      <Filter>MFC</Filter>
    </ClCompile>
    <ClCompile Include="Source\MainFrm.cpp">
      <Filter>MFC</Filter>
    </ClCompile>
    <ClCompile Include="Source\StdAfx.cpp">
      <Filter>MFC</Filter>
    </ClCompile>
    <ClCompile Include="Source\mygame.cpp">
      <Filter>MyGame</Filter>
    </ClCompile>
    <ClCompile Include="Source\Level.cpp">
      <Filter>MyGame</Filter>
    </ClCompile>
    <ClCompile Include="Source\Brick.cpp">
      <Filter>MyGame</Filter>
    </ClCompile>
    <ClCompile Include="Source\Actor.cpp">
      <Filter>MyGame</Filter>
    </ClCompile>
    <ClCompile Include="Source\Enemy.cpp">
      <Filter>MyGame</Filter>
    </ClCompile>
    <ClCompile Include="Source\Item.cpp">
      <Filter>MyGame</Filter>
    </ClCompile>
  </ItemGroup>
  <ItemGroup>
    <ClInclude Include="Source\audio.h">
      <Filter>GameLibrary</Filter>
    </ClInclude>
    <ClInclude Include="Source\game.h">
      <Filter>MFC</Filter>
    </ClInclude>
    <ClInclude Include="Source\gameDoc.h">
      <Filter>MFC</Filter>
    </ClInclude>
    <ClInclude Include="Source\gamelib.h">
      <Filter>GameLibrary</Filter>
    </ClInclude>
    <ClInclude Include="Source\gameView.h">
      <Filter>MFC</Filter>
    </ClInclude>
    <ClInclude Include="Source\MainFrm.h">
      <Filter>MFC</Filter>
    </ClInclude>
    <ClInclude Include="Source\Resource.h">
      <Filter>MFC</Filter>
    </ClInclude>
    <ClInclude Include="Source\StdAfx.h">
      <Filter>MFC</Filter>
    </ClInclude>
    <ClInclude Include="Source\mygame.h">
      <Filter>MyGame</Filter>
    </ClInclude>
    <ClInclude Include="Source\Level.h">
      <Filter>MyGame</Filter>
    </ClInclude>
    <ClInclude Include="Source\Brick.h">
      <Filter>MyGame</Filter>
    </ClInclude>
    <ClInclude Include="Source\Actor.h">
      <Filter>MyGame</Filter>
    </ClInclude>
    <ClInclude Include="Source\Item.h">
      <Filter>MyGame</Filter>
    </ClInclude>
    <ClInclude Include="Source\Enemy.h">
      <Filter>MyGame</Filter>
    </ClInclude>
    <ClInclude Include="Source\Data.h">
      <Filter>MyGame</Filter>
    </ClInclude>
  </ItemGroup>
  <ItemGroup>
    <ResourceCompile Include="Source\game.rc">
      <Filter>MFC</Filter>
    </ResourceCompile>
  </ItemGroup>
  <ItemGroup>
    <Image Include="RES\opening\Opening_1.bmp">
      <Filter>Resource Files</Filter>
    </Image>
    <Image Include="RES\opening\Opening_2.bmp">
      <Filter>Resource Files</Filter>
    </Image>
    <Image Include="RES\opening\Opening_3.bmp">
      <Filter>Resource Files</Filter>
    </Image>
    <Image Include="RES\opening\Opening_4.bmp">
      <Filter>Resource Files</Filter>
    </Image>
    <Image Include="RES\logo\logo_1.bmp">
      <Filter>Resource Files</Filter>
    </Image>
    <Image Include="RES\opening\Opening_BG_2.bmp">
      <Filter>Resource Files</Filter>
    </Image>
    <Image Include="RES\opening\Opening_BG_1.bmp">
      <Filter>Resource Files</Filter>
    </Image>
    <Image Include="RES\opening\Opening_BG_3.bmp">
      <Filter>Resource Files</Filter>
    </Image>
    <Image Include="RES\opening\Opening_BG_4.bmp">
      <Filter>Resource Files</Filter>
    </Image>
    <Image Include="RES\logo\logo_2.bmp">
      <Filter>Resource Files</Filter>
    </Image>
    <Image Include="RES\logo\title_bule_character1.bmp">
      <Filter>Resource Files</Filter>
    </Image>
    <Image Include="RES\logo\title_bule_character2.bmp">
      <Filter>Resource Files</Filter>
    </Image>
    <Image Include="RES\logo\title_bule_character3.bmp">
      <Filter>Resource Files</Filter>
    </Image>
    <Image Include="RES\logo\title_bule_character4.bmp">
      <Filter>Resource Files</Filter>
    </Image>
    <Image Include="RES\font\gui_white_numA.bmp">
      <Filter>Resource Files</Filter>
    </Image>
    <Image Include="RES\font\gui_white_numB.bmp">
      <Filter>Resource Files</Filter>
    </Image>
    <Image Include="RES\font\gui_white_numC.bmp">
      <Filter>Resource Files</Filter>
    </Image>
    <Image Include="RES\font\gui_white_numD.bmp">
      <Filter>Resource Files</Filter>
    </Image>
    <Image Include="RES\font\gui_white_numE.bmp">
      <Filter>Resource Files</Filter>
    </Image>
    <Image Include="RES\font\gui_white_numF.bmp">
      <Filter>Resource Files</Filter>
    </Image>
    <Image Include="RES\font\gui_white_numG.bmp">
      <Filter>Resource Files</Filter>
    </Image>
    <Image Include="RES\font\gui_white_numH.bmp">
      <Filter>Resource Files</Filter>
    </Image>
    <Image Include="RES\font\gui_white_numI.bmp">
      <Filter>Resource Files</Filter>
    </Image>
    <Image Include="RES\font\gui_white_numJ.bmp">
      <Filter>Resource Files</Filter>
    </Image>
    <Image Include="RES\font\gui_white_numK.bmp">
      <Filter>Resource Files</Filter>
    </Image>
    <Image Include="RES\font\gui_white_numL.bmp">
      <Filter>Resource Files</Filter>
    </Image>
    <Image Include="RES\font\gui_white_numM.bmp">
      <Filter>Resource Files</Filter>
    </Image>
    <Image Include="RES\font\gui_white_numN.bmp">
      <Filter>Resource Files</Filter>
    </Image>
    <Image Include="RES\font\gui_white_numO.bmp">
      <Filter>Resource Files</Filter>
    </Image>
    <Image Include="RES\font\gui_white_numP.bmp">
      <Filter>Resource Files</Filter>
    </Image>
    <Image Include="RES\font\gui_white_numQ.bmp">
      <Filter>Resource Files</Filter>
    </Image>
    <Image Include="RES\font\gui_white_numR.bmp">
      <Filter>Resource Files</Filter>
    </Image>
    <Image Include="RES\font\gui_white_numS.bmp">
      <Filter>Resource Files</Filter>
    </Image>
    <Image Include="RES\font\gui_white_numT.bmp">
      <Filter>Resource Files</Filter>
    </Image>
    <Image Include="RES\font\gui_white_numU.bmp">
      <Filter>Resource Files</Filter>
    </Image>
    <Image Include="RES\font\gui_white_numV.bmp">
      <Filter>Resource Files</Filter>
    </Image>
    <Image Include="RES\font\gui_white_numW.bmp">
      <Filter>Resource Files</Filter>
    </Image>
    <Image Include="RES\font\gui_white_numX.bmp">
      <Filter>Resource Files</Filter>
    </Image>
    <Image Include="RES\font\gui_white_numY.bmp">
      <Filter>Resource Files</Filter>
    </Image>
    <Image Include="RES\font\gui_white_numZ.bmp">
      <Filter>Resource Files</Filter>
    </Image>
    <Image Include="RES\logo\title_black_character1.bmp">
      <Filter>Resource Files</Filter>
    </Image>
    <Image Include="RES\logo\title_black_character2.bmp">
      <Filter>Resource Files</Filter>
    </Image>
    <Image Include="RES\logo\title_black_character3.bmp">
      <Filter>Resource Files</Filter>
    </Image>
    <Image Include="RES\logo\title_black_character4.bmp">
      <Filter>Resource Files</Filter>
    </Image>
    <Image Include="RES\integer\gui_white_0.bmp">
      <Filter>Resource Files</Filter>
    </Image>
    <Image Include="RES\integer\gui_white_1.bmp">
      <Filter>Resource Files</Filter>
    </Image>
    <Image Include="RES\integer\gui_white_2.bmp">
      <Filter>Resource Files</Filter>
    </Image>
    <Image Include="RES\integer\gui_white_3.bmp">
      <Filter>Resource Files</Filter>
    </Image>
    <Image Include="RES\integer\gui_white_4.bmp">
      <Filter>Resource Files</Filter>
    </Image>
    <Image Include="RES\integer\gui_white_5.bmp">
      <Filter>Resource Files</Filter>
    </Image>
    <Image Include="RES\integer\gui_white_6.bmp">
      <Filter>Resource Files</Filter>
    </Image>
    <Image Include="RES\integer\gui_white_7.bmp">
      <Filter>Resource Files</Filter>
    </Image>
    <Image Include="RES\integer\gui_white_8.bmp">
      <Filter>Resource Files</Filter>
    </Image>
    <Image Include="RES\integer\gui_white_9.bmp">
      <Filter>Resource Files</Filter>
    </Image>
    <Image Include="RES\opening\Opening_3_1.bmp">
      <Filter>Resource Files</Filter>
    </Image>
    <Image Include="RES\opening\Opening_3_2.bmp">
      <Filter>Resource Files</Filter>
    </Image>
    <Image Include="RES\icon.ico">
      <Filter>Resource Files</Filter>
    </Image>
    <Image Include="RES\intro.bmp">
      <Filter>Resource Files</Filter>
    </Image>
    <Image Include="RES\font\gui_yellow_numA.bmp">
      <Filter>Resource Files</Filter>
    </Image>
    <Image Include="RES\font\gui_yellow_numB.bmp">
      <Filter>Resource Files</Filter>
    </Image>
    <Image Include="RES\font\gui_yellow_numC.bmp">
      <Filter>Resource Files</Filter>
    </Image>
    <Image Include="RES\font\gui_yellow_numD.bmp">
      <Filter>Resource Files</Filter>
    </Image>
    <Image Include="RES\font\gui_yellow_numE.bmp">
      <Filter>Resource Files</Filter>
    </Image>
    <Image Include="RES\font\gui_yellow_numF.bmp">
      <Filter>Resource Files</Filter>
    </Image>
    <Image Include="RES\font\gui_yellow_numG.bmp">
      <Filter>Resource Files</Filter>
    </Image>
    <Image Include="RES\font\gui_yellow_numH.bmp">
      <Filter>Resource Files</Filter>
    </Image>
    <Image Include="RES\font\gui_yellow_numI.bmp">
      <Filter>Resource Files</Filter>
    </Image>
    <Image Include="RES\font\gui_yellow_numJ.bmp">
      <Filter>Resource Files</Filter>
    </Image>
    <Image Include="RES\font\gui_yellow_numK.bmp">
      <Filter>Resource Files</Filter>
    </Image>
    <Image Include="RES\font\gui_yellow_numL.bmp">
      <Filter>Resource Files</Filter>
    </Image>
    <Image Include="RES\font\gui_yellow_numM.bmp">
      <Filter>Resource Files</Filter>
    </Image>
    <Image Include="RES\font\gui_yellow_numN.bmp">
      <Filter>Resource Files</Filter>
    </Image>
    <Image Include="RES\font\gui_yellow_numO.bmp">
      <Filter>Resource Files</Filter>
    </Image>
    <Image Include="RES\font\gui_yellow_numP.bmp">
      <Filter>Resource Files</Filter>
    </Image>
    <Image Include="RES\font\gui_yellow_numQ.bmp">
      <Filter>Resource Files</Filter>
    </Image>
    <Image Include="RES\font\gui_yellow_numR.bmp">
      <Filter>Resource Files</Filter>
    </Image>
    <Image Include="RES\font\gui_yellow_numS.bmp">
      <Filter>Resource Files</Filter>
    </Image>
    <Image Include="RES\font\gui_yellow_numT.bmp">
      <Filter>Resource Files</Filter>
    </Image>
    <Image Include="RES\font\gui_yellow_numU.bmp">
      <Filter>Resource Files</Filter>
    </Image>
    <Image Include="RES\font\gui_yellow_numV.bmp">
      <Filter>Resource Files</Filter>
    </Image>
    <Image Include="RES\font\gui_yellow_numW.bmp">
      <Filter>Resource Files</Filter>
    </Image>
    <Image Include="RES\font\gui_yellow_numX.bmp">
      <Filter>Resource Files</Filter>
    </Image>
    <Image Include="RES\font\gui_yellow_numY.bmp">
      <Filter>Resource Files</Filter>
    </Image>
    <Image Include="RES\font\gui_yellow_numZ.bmp">
      <Filter>Resource Files</Filter>
    </Image>
    <Image Include="RES\squarebg.bmp">
      <Filter>Resource Files</Filter>
    </Image>
    <Image Include="..\Document\images\ocean\ocean_1.bmp">
      <Filter>Resource Files</Filter>
    </Image>
    <Image Include="..\Document\images\ocean\ocean_2.bmp">
      <Filter>Resource Files</Filter>
    </Image>
    <Image Include="..\Document\images\ocean\ocean_3.bmp">
      <Filter>Resource Files</Filter>
    </Image>
    <Image Include="..\Document\images\ocean\ocean_4.bmp">
      <Filter>Resource Files</Filter>
    </Image>
    <Image Include="..\Document\images\ocean\ocean_4_1.bmp">
      <Filter>Resource Files</Filter>
    </Image>
    <Image Include="..\Document\images\ocean\ocean_4_2.bmp">
      <Filter>Resource Files</Filter>
    </Image>
    <Image Include="..\Document\images\ocean\ocean_5.bmp">
      <Filter>Resource Files</Filter>
    </Image>
    <Image Include="..\Document\images\ocean\ocean_5_1.bmp">
      <Filter>Resource Files</Filter>
    </Image>
    <Image Include="..\Document\images\ocean\ocean_5_2.bmp">
      <Filter>Resource Files</Filter>
    </Image>
    <Image Include="..\Document\images\ocean\ocean_6.bmp">
      <Filter>Resource Files</Filter>
    </Image>
    <Image Include="..\Document\images\ocean\ocean_7.bmp">
      <Filter>Resource Files</Filter>
    </Image>
    <Image Include="..\Document\images\ocean\ocean_8.bmp">
      <Filter>Resource Files</Filter>
    </Image>
    <Image Include="..\Document\images\ocean\ocean_9.bmp">
      <Filter>Resource Files</Filter>
    </Image>
    <Image Include="..\Document\images\ocean\ocean_10.bmp">
      <Filter>Resource Files</Filter>
    </Image>
    <Image Include="..\Document\images\ocean\ocean_11.bmp">
      <Filter>Resource Files</Filter>
    </Image>
    <Image Include="..\Document\images\ocean\ocean_12.bmp">
      <Filter>Resource Files</Filter>
    </Image>
    <Image Include="..\Document\images\ocean\ocean_13.bmp">
      <Filter>Resource Files</Filter>
    </Image>
    <Image Include="..\Document\images\ocean\ocean_13_1.bmp">
      <Filter>Resource Files</Filter>
    </Image>
    <Image Include="..\Document\images\ocean\ocean_13_2.bmp">
      <Filter>Resource Files</Filter>
    </Image>
    <Image Include="..\Document\images\ocean\ocean_14.bmp">
      <Filter>Resource Files</Filter>
    </Image>
    <Image Include="..\Document\images\ocean\ocean_15.bmp">
      <Filter>Resource Files</Filter>
    </Image>
    <Image Include="..\Document\images\ocean\ocean_16.bmp">
      <Filter>Resource Files</Filter>
    </Image>
    <Image Include="..\Document\images\ocean\ocean_17.bmp">
      <Filter>Resource Files</Filter>
    </Image>
    <Image Include="..\Document\images\ocean\ocean_18.bmp">
      <Filter>Resource Files</Filter>
    </Image>
    <Image Include="..\Document\images\ocean\ocean_19.bmp">
      <Filter>Resource Files</Filter>
    </Image>
    <Image Include="..\Document\images\ocean\ocean_20.bmp">
      <Filter>Resource Files</Filter>
    </Image>
    <Image Include="..\Document\images\ocean\ocean_arrow_left.bmp">
      <Filter>Resource Files</Filter>
    </Image>
    <Image Include="..\Document\images\ocean\ocean_arrow_right.bmp">
      <Filter>Resource Files</Filter>
    </Image>
    <Image Include="..\Document\images\ocean\ocean_arrow_up.bmp">
      <Filter>Resource Files</Filter>
    </Image>
    <Image Include="..\Document\images\ocean\ocean_arrow_uuder.bmp">
      <Filter>Resource Files</Filter>
    </Image>
    <Image Include="..\Document\images\ocean\ocean_background_bottom.bmp">
      <Filter>Resource Files</Filter>
    </Image>
    <Image Include="..\Document\images\ocean\ocean_background_ferry.bmp">
      <Filter>Resource Files</Filter>
    </Image>
    <Image Include="..\Document\images\ocean\ocean_background_sea1.bmp">
      <Filter>Resource Files</Filter>
    </Image>
    <Image Include="..\Document\images\ocean\ocean_background_sea2.bmp">
      <Filter>Resource Files</Filter>
    </Image>
    <Image Include="..\Document\images\ocean\ocean_background_sea3.bmp">
      <Filter>Resource Files</Filter>
    </Image>
    <Image Include="..\Document\images\ocean\ocean_background_top.bmp">
      <Filter>Resource Files</Filter>
    </Image>
    <Image Include="..\Document\images\ocean\ocean_background1.bmp">
      <Filter>Resource Files</Filter>
    </Image>
    <Image Include="..\Document\images\ocean\ocean_background2.bmp">
      <Filter>Resource Files</Filter>
    </Image>
    <Image Include="..\Document\images\ocean\ocean_grass.bmp">
      <Filter>Resource Files</Filter>
    </Image>
    <Image Include="..\Document\images\ocean\ocean_green1.bmp">
      <Filter>Resource Files</Filter>
    </Image>
    <Image Include="..\Document\images\ocean\ocean_green2.bmp">
      <Filter>Resource Files</Filter>
    </Image>
    <Image Include="..\Document\images\ocean\ocean_green3.bmp">
      <Filter>Resource Files</Filter>
    </Image>
    <Image Include="..\Document\images\ocean\ocean_green4.bmp">
      <Filter>Resource Files</Filter>
    </Image>
    <Image Include="..\Document\images\ocean\ocean_green5.bmp">
      <Filter>Resource Files</Filter>
    </Image>
    <Image Include="..\Document\images\ocean\ocean_left_uphill_road1.bmp">
      <Filter>Resource Files</Filter>
    </Image>
    <Image Include="..\Document\images\ocean\ocean_left_uphill_road1_1.bmp">
      <Filter>Resource Files</Filter>
    </Image>
    <Image Include="..\Document\images\ocean\ocean_pillar1.bmp">
      <Filter>Resource Files</Filter>
    </Image>
    <Image Include="..\Document\images\ocean\ocean_pillar2.bmp">
      <Filter>Resource Files</Filter>
    </Image>
    <Image Include="..\Document\images\ocean\ocean_pillar3.bmp">
      <Filter>Resource Files</Filter>
    </Image>
    <Image Include="..\Document\images\ocean\ocean_pineapple_tree1.bmp">
      <Filter>Resource Files</Filter>
    </Image>
    <Image Include="..\Document\images\ocean\ocean_pineapple_tree2.bmp">
      <Filter>Resource Files</Filter>
    </Image>
    <Image Include="..\Document\images\ocean\ocean_railing1.bmp">
      <Filter>Resource Files</Filter>
    </Image>
    <Image Include="..\Document\images\ocean\ocean_railing2.bmp">
      <Filter>Resource Files</Filter>
    </Image>
    <Image Include="..\Document\images\ocean\ocean_railing3.bmp">
      <Filter>Resource Files</Filter>
    </Image>
    <Image Include="..\Document\images\ocean\ocean_right_uphill_road1.bmp">
      <Filter>Resource Files</Filter>
    </Image>
    <Image Include="..\Document\images\ocean\ocean_right_uphill_road1_1.bmp">
      <Filter>Resource Files</Filter>
    </Image>
    <Image Include="..\Document\images\ocean\ocean_road1.bmp">
      <Filter>Resource Files</Filter>
    </Image>
    <Image Include="..\Document\images\ocean\ocean_road1_1.bmp">
      <Filter>Resource Files</Filter>
    </Image>
    <Image Include="..\Document\images\ocean\ocean_road2.bmp">
      <Filter>Resource Files</Filter>
    </Image>
    <Image Include="..\Document\images\ocean\ocean_road2_1.bmp">
      <Filter>Resource Files</Filter>
    </Image>
    <Image Include="..\Document\images\ocean\ocean_road3.bmp">
      <Filter>Resource Files</Filter>
    </Image>
    <Image Include="..\Document\images\ocean\ocean_road3_1.bmp">
      <Filter>Resource Files</Filter>
    </Image>
    <Image Include="..\Document\images\ocean\ocean_road4.bmp">
      <Filter>Resource Files</Filter>
    </Image>
    <Image Include="..\Document\images\ocean\ocean_road4_1.bmp">
      <Filter>Resource Files</Filter>
    </Image>
    <Image Include="..\Document\images\ocean\ocean_road5.bmp">
      <Filter>Resource Files</Filter>
    </Image>
    <Image Include="..\Document\images\ocean\ocean_road5_1.bmp">
      <Filter>Resource Files</Filter>
    </Image>
    <Image Include="..\Document\images\ocean\ocean_road6.bmp">
      <Filter>Resource Files</Filter>
    </Image>
    <Image Include="..\Document\images\ocean\ocean_road6_1.bmp">
      <Filter>Resource Files</Filter>
    </Image>
    <Image Include="..\Document\images\ocean\ocean_turn_around_left_1.bmp">
      <Filter>Resource Files</Filter>
    </Image>
    <Image Include="..\Document\images\ocean\ocean_turn_around_left_1_1.bmp">
      <Filter>Resource Files</Filter>
    </Image>
    <Image Include="..\Document\images\ocean\ocean_turn_around_left_1_2.bmp">
      <Filter>Resource Files</Filter>
    </Image>
    <Image Include="..\Document\images\ocean\ocean_turn_around_left_2.bmp">
      <Filter>Resource Files</Filter>
    </Image>
    <Image Include="..\Document\images\ocean\ocean_turn_around_left_3.bmp">
      <Filter>Resource Files</Filter>
    </Image>
    <Image Include="..\Document\images\ocean\ocean_turn_around_left_4.bmp">
      <Filter>Resource Files</Filter>
    </Image>
    <Image Include="..\Document\images\ocean\ocean_turn_around_left_4_1.bmp">
      <Filter>Resource Files</Filter>
    </Image>
    <Image Include="..\Document\images\ocean\ocean_turn_around_left_4_2.bmp">
      <Filter>Resource Files</Filter>
    </Image>
    <Image Include="..\Document\images\ocean\ocean_turn_around_right_1.bmp">
      <Filter>Resource Files</Filter>
    </Image>
    <Image Include="..\Document\images\ocean\ocean_turn_around_right_1_1.bmp">
      <Filter>Resource Files</Filter>
    </Image>
    <Image Include="..\Document\images\ocean\ocean_turn_around_right_1_2.bmp">
      <Filter>Resource Files</Filter>
    </Image>
    <Image Include="..\Document\images\ocean\ocean_turn_around_right_2.bmp">
      <Filter>Resource Files</Filter>
    </Image>
    <Image Include="..\Document\images\ocean\ocean_turn_around_right_3.bmp">
      <Filter>Resource Files</Filter>
    </Image>
    <Image Include="..\Document\images\ocean\ocean_turn_around_right_4.bmp">
      <Filter>Resource Files</Filter>
    </Image>
    <Image Include="..\Document\images\ocean\ocean_turn_around_right_4_1.bmp">
      <Filter>Resource Files</Filter>
    </Image>
    <Image Include="..\Document\images\ocean\ocean_turn_around_right_4_2.bmp">
      <Filter>Resource Files</Filter>
    </Image>
    <Image Include="RES\enemies\machine_Bamboo dragonfly1.bmp">
      <Filter>Resource Files</Filter>
    </Image>
    <Image Include="RES\enemies\machine_Bamboo dragonfly2.bmp">
      <Filter>Resource Files</Filter>
    </Image>
    <Image Include="RES\enemies\machine_Bamboo dragonfly3.bmp">
      <Filter>Resource Files</Filter>
    </Image>
    <Image Include="RES\enemies\machine_Bamboo dragonfly4.bmp">
      <Filter>Resource Files</Filter>
    </Image>
    <Image Include="RES\enemies\machine_chef1.bmp">
      <Filter>Resource Files</Filter>
    </Image>
    <Image Include="RES\enemies\machine_chef2.bmp">
      <Filter>Resource Files</Filter>
    </Image>
    <Image Include="RES\enemies\machine_chef3.bmp">
      <Filter>Resource Files</Filter>
    </Image>
    <Image Include="RES\enemies\machine_chef4.bmp">
      <Filter>Resource Files</Filter>
    </Image>
    <Image Include="RES\enemies\machine_earthworm1.bmp">
      <Filter>Resource Files</Filter>
    </Image>
    <Image Include="RES\enemies\machine_earthworm2.bmp">
      <Filter>Resource Files</Filter>
    </Image>
    <Image Include="RES\enemies\machine_fly_red1.bmp">
      <Filter>Resource Files</Filter>
    </Image>
    <Image Include="RES\enemies\machine_fly_red2.bmp">
      <Filter>Resource Files</Filter>
    </Image>
    <Image Include="RES\enemies\machine_Groundhog1.bmp">
      <Filter>Resource Files</Filter>
    </Image>
    <Image Include="RES\enemies\machine_Groundhog2.bmp">
      <Filter>Resource Files</Filter>
    </Image>
    <Image Include="RES\enemies\machine_Groundhog3.bmp">
      <Filter>Resource Files</Filter>
    </Image>
    <Image Include="RES\enemies\machine_insect1.bmp">
      <Filter>Resource Files</Filter>
    </Image>
    <Image Include="RES\enemies\machine_insect2.bmp">
      <Filter>Resource Files</Filter>
    </Image>
    <Image Include="RES\enemies\machine_insect3.bmp">
      <Filter>Resource Files</Filter>
    </Image>
    <Image Include="RES\enemies\machine_ladybug1.bmp">
      <Filter>Resource Files</Filter>
    </Image>
    <Image Include="RES\enemies\machine_ladybug2.bmp">
      <Filter>Resource Files</Filter>
    </Image>
    <Image Include="RES\enemies\machine_ladybug3.bmp">
      <Filter>Resource Files</Filter>
    </Image>
    <Image Include="RES\enemies\machine_Mosquito1.bmp">
      <Filter>Resource Files</Filter>
    </Image>
    <Image Include="RES\enemies\machine_Mosquito2.bmp">
      <Filter>Resource Files</Filter>
    </Image>
    <Image Include="RES\enemies\machine_penguin1.bmp">
      <Filter>Resource Files</Filter>
    </Image>
    <Image Include="RES\enemies\machine_penguin2.bmp">
      <Filter>Resource Files</Filter>
    </Image>
    <Image Include="RES\enemies\machine_penguin3.bmp">
      <Filter>Resource Files</Filter>
    </Image>
    <Image Include="RES\enemies\machine_penguin4.bmp">
      <Filter>Resource Files</Filter>
    </Image>
    <Image Include="RES\enemies\machine_penguin5.bmp">
      <Filter>Resource Files</Filter>
    </Image>
    <Image Include="RES\enemies\machine_Pink_monster1.bmp">
      <Filter>Resource Files</Filter>
    </Image>
    <Image Include="RES\enemies\machine_Pink_monster2.bmp">
      <Filter>Resource Files</Filter>
    </Image>
    <Image Include="RES\enemies\machine_Pink_monster3.bmp">
      <Filter>Resource Files</Filter>
    </Image>
    <Image Include="RES\enemies\machine_rocket1.bmp">
      <Filter>Resource Files</Filter>
    </Image>
    <Image Include="RES\enemies\machine_rocket2.bmp">
      <Filter>Resource Files</Filter>
    </Image>
    <Image Include="RES\enemies\machine_shark1.bmp">
      <Filter>Resource Files</Filter>
    </Image>
    <Image Include="RES\enemies\machine_shark2.bmp">
      <Filter>Resource Files</Filter>
    </Image>
    <Image Include="RES\enemies\machine_snails1.bmp">
      <Filter>Resource Files</Filter>
    </Image>
    <Image Include="RES\enemies\machine_snails2.bmp">
      <Filter>Resource Files</Filter>
    </Image>
    <Image Include="RES\enemies\machine_spider1.bmp">
      <Filter>Resource Files</Filter>
    </Image>
    <Image Include="RES\enemies\machine_spider2.bmp">
      <Filter>Resource Files</Filter>
    </Image>
    <Image Include="RES\enemies\machine1_blue1.bmp">
      <Filter>Resource Files</Filter>
    </Image>
    <Image Include="RES\enemies\machine1_blue2.bmp">
      <Filter>Resource Files</Filter>
    </Image>
    <Image Include="RES\enemies\machine1_blue3.bmp">
      <Filter>Resource Files</Filter>
    </Image>
    <Image Include="RES\enemies\machine1_blue4.bmp">
      <Filter>Resource Files</Filter>
    </Image>
    <Image Include="RES\enemies\machine1_blue5.bmp">
      <Filter>Resource Files</Filter>
    </Image>
    <Image Include="RES\enemies\machine1_blue6.bmp">
      <Filter>Resource Files</Filter>
    </Image>
    <Image Include="RES\enemies\machine1_blue7.bmp">
      <Filter>Resource Files</Filter>
    </Image>
    <Image Include="RES\enemies\machine1_blue8.bmp">
      <Filter>Resource Files</Filter>
    </Image>
    <Image Include="RES\enemies\machine1_fly_Shield1.bmp">
      <Filter>Resource Files</Filter>
    </Image>
    <Image Include="RES\enemies\machine1_fly_Shield2.bmp">
      <Filter>Resource Files</Filter>
    </Image>
    <Image Include="RES\enemies\machine1_red1.bmp">
      <Filter>Resource Files</Filter>
    </Image>
    <Image Include="RES\enemies\machine1_red2.bmp">
      <Filter>Resource Files</Filter>
    </Image>
    <Image Include="RES\enemies\machine1_red3.bmp">
      <Filter>Resource Files</Filter>
    </Image>
    <Image Include="RES\ocean\Untitled.bmp">
      <Filter>Resource Files</Filter>
    </Image>
    <Image Include="RES\ocean\ocean_1.bmp">
      <Filter>Resource Files</Filter>
    </Image>
    <Image Include="RES\ocean\ocean_2.bmp">
      <Filter>Resource Files</Filter>
    </Image>
    <Image Include="RES\ocean\ocean_3.bmp">
      <Filter>Resource Files</Filter>
    </Image>
    <Image Include="RES\ocean\ocean_4.bmp">
      <Filter>Resource Files</Filter>
    </Image>
    <Image Include="RES\ocean\ocean_4_1.bmp">
      <Filter>Resource Files</Filter>
    </Image>
    <Image Include="RES\ocean\ocean_4_2.bmp">
      <Filter>Resource Files</Filter>
    </Image>
    <Image Include="RES\ocean\ocean_5.bmp">
      <Filter>Resource Files</Filter>
    </Image>
    <Image Include="RES\ocean\ocean_5_1.bmp">
      <Filter>Resource Files</Filter>
    </Image>
    <Image Include="RES\ocean\ocean_5_2.bmp">
      <Filter>Resource Files</Filter>
    </Image>
    <Image Include="RES\ocean\ocean_6.bmp">
      <Filter>Resource Files</Filter>
    </Image>
    <Image Include="RES\ocean\ocean_7.bmp">
      <Filter>Resource Files</Filter>
    </Image>
    <Image Include="RES\ocean\ocean_8.bmp">
      <Filter>Resource Files</Filter>
    </Image>
    <Image Include="RES\ocean\ocean_9.bmp">
      <Filter>Resource Files</Filter>
    </Image>
    <Image Include="RES\ocean\ocean_10.bmp">
      <Filter>Resource Files</Filter>
    </Image>
    <Image Include="RES\ocean\ocean_11.bmp">
      <Filter>Resource Files</Filter>
    </Image>
    <Image Include="RES\ocean\ocean_12.bmp">
      <Filter>Resource Files</Filter>
    </Image>
    <Image Include="RES\ocean\ocean_13.bmp">
      <Filter>Resource Files</Filter>
    </Image>
    <Image Include="RES\ocean\ocean_13_1.bmp">
      <Filter>Resource Files</Filter>
    </Image>
    <Image Include="RES\ocean\ocean_13_2.bmp">
      <Filter>Resource Files</Filter>
    </Image>
    <Image Include="RES\ocean\ocean_14.bmp">
      <Filter>Resource Files</Filter>
    </Image>
    <Image Include="RES\ocean\ocean_15.bmp">
      <Filter>Resource Files</Filter>
    </Image>
    <Image Include="RES\ocean\ocean_16.bmp">
      <Filter>Resource Files</Filter>
    </Image>
    <Image Include="RES\ocean\ocean_17.bmp">
      <Filter>Resource Files</Filter>
    </Image>
    <Image Include="RES\ocean\ocean_18.bmp">
      <Filter>Resource Files</Filter>
    </Image>
    <Image Include="RES\ocean\ocean_19.bmp">
      <Filter>Resource Files</Filter>
    </Image>
    <Image Include="RES\ocean\ocean_20.bmp">
      <Filter>Resource Files</Filter>
    </Image>
    <Image Include="RES\ocean\ocean_arrow_left.bmp">
      <Filter>Resource Files</Filter>
    </Image>
    <Image Include="RES\ocean\ocean_arrow_right.bmp">
      <Filter>Resource Files</Filter>
    </Image>
    <Image Include="RES\ocean\ocean_arrow_up.bmp">
      <Filter>Resource Files</Filter>
    </Image>
    <Image Include="RES\ocean\ocean_arrow_uuder.bmp">
      <Filter>Resource Files</Filter>
    </Image>
    <Image Include="RES\ocean\ocean_background_bottom.bmp">
      <Filter>Resource Files</Filter>
    </Image>
    <Image Include="RES\ocean\ocean_background_ferry.bmp">
      <Filter>Resource Files</Filter>
    </Image>
    <Image Include="RES\ocean\ocean_background_sea1.bmp">
      <Filter>Resource Files</Filter>
    </Image>
    <Image Include="RES\ocean\ocean_background_sea2.bmp">
      <Filter>Resource Files</Filter>
    </Image>
    <Image Include="RES\ocean\ocean_background_sea3.bmp">
      <Filter>Resource Files</Filter>
    </Image>
    <Image Include="RES\ocean\ocean_background_top.bmp">
      <Filter>Resource Files</Filter>
    </Image>
    <Image Include="RES\ocean\ocean_background1.bmp">
      <Filter>Resource Files</Filter>
    </Image>
    <Image Include="RES\ocean\ocean_background2.bmp">
      <Filter>Resource Files</Filter>
    </Image>
    <Image Include="RES\ocean\ocean_grass.bmp">
      <Filter>Resource Files</Filter>
    </Image>
    <Image Include="RES\ocean\ocean_green1.bmp">
      <Filter>Resource Files</Filter>
    </Image>
    <Image Include="RES\ocean\ocean_green2.bmp">
      <Filter>Resource Files</Filter>
    </Image>
    <Image Include="RES\ocean\ocean_green3.bmp">
      <Filter>Resource Files</Filter>
    </Image>
    <Image Include="RES\ocean\ocean_green4.bmp">
      <Filter>Resource Files</Filter>
    </Image>
    <Image Include="RES\ocean\ocean_green5.bmp">
      <Filter>Resource Files</Filter>
    </Image>
    <Image Include="RES\ocean\ocean_left_uphill_road1.bmp">
      <Filter>Resource Files</Filter>
    </Image>
    <Image Include="RES\ocean\ocean_left_uphill_road1_1.bmp">
      <Filter>Resource Files</Filter>
    </Image>
    <Image Include="RES\ocean\ocean_pillar1.bmp">
      <Filter>Resource Files</Filter>
    </Image>
    <Image Include="RES\ocean\ocean_pillar2.bmp">
      <Filter>Resource Files</Filter>
    </Image>
    <Image Include="RES\ocean\ocean_pillar3.bmp">
      <Filter>Resource Files</Filter>
    </Image>
    <Image Include="RES\ocean\ocean_pineapple_tree1.bmp">
      <Filter>Resource Files</Filter>
    </Image>
    <Image Include="RES\ocean\ocean_pineapple_tree2.bmp">
      <Filter>Resource Files</Filter>
    </Image>
    <Image Include="RES\ocean\ocean_railing1.bmp">
      <Filter>Resource Files</Filter>
    </Image>
    <Image Include="RES\ocean\ocean_railing2.bmp">
      <Filter>Resource Files</Filter>
    </Image>
    <Image Include="RES\ocean\ocean_railing3.bmp">
      <Filter>Resource Files</Filter>
    </Image>
    <Image Include="RES\ocean\ocean_right_uphill_road1.bmp">
      <Filter>Resource Files</Filter>
    </Image>
    <Image Include="RES\ocean\ocean_right_uphill_road1_1.bmp">
      <Filter>Resource Files</Filter>
    </Image>
    <Image Include="RES\ocean\ocean_road1.bmp">
      <Filter>Resource Files</Filter>
    </Image>
    <Image Include="RES\ocean\ocean_road1_1.bmp">
      <Filter>Resource Files</Filter>
    </Image>
    <Image Include="RES\ocean\ocean_road2.bmp">
      <Filter>Resource Files</Filter>
    </Image>
    <Image Include="RES\ocean\ocean_road2_1.bmp">
      <Filter>Resource Files</Filter>
    </Image>
    <Image Include="RES\ocean\ocean_road3.bmp">
      <Filter>Resource Files</Filter>
    </Image>
    <Image Include="RES\ocean\ocean_road3_1.bmp">
      <Filter>Resource Files</Filter>
    </Image>
    <Image Include="RES\ocean\ocean_road4.bmp">
      <Filter>Resource Files</Filter>
    </Image>
    <Image Include="RES\ocean\ocean_road4_1.bmp">
      <Filter>Resource Files</Filter>
    </Image>
    <Image Include="RES\ocean\ocean_road5.bmp">
      <Filter>Resource Files</Filter>
    </Image>
    <Image Include="RES\ocean\ocean_road5_1.bmp">
      <Filter>Resource Files</Filter>
    </Image>
    <Image Include="RES\ocean\ocean_road6.bmp">
      <Filter>Resource Files</Filter>
    </Image>
    <Image Include="RES\ocean\ocean_road6_1.bmp">
      <Filter>Resource Files</Filter>
    </Image>
    <Image Include="RES\ocean\ocean_turn_around_left_1.bmp">
      <Filter>Resource Files</Filter>
    </Image>
    <Image Include="RES\ocean\ocean_turn_around_left_1_1.bmp">
      <Filter>Resource Files</Filter>
    </Image>
    <Image Include="RES\ocean\ocean_turn_around_left_1_2.bmp">
      <Filter>Resource Files</Filter>
    </Image>
    <Image Include="RES\ocean\ocean_turn_around_left_2.bmp">
      <Filter>Resource Files</Filter>
    </Image>
    <Image Include="RES\ocean\ocean_turn_around_left_3.bmp">
      <Filter>Resource Files</Filter>
    </Image>
    <Image Include="RES\ocean\ocean_turn_around_left_4.bmp">
      <Filter>Resource Files</Filter>
    </Image>
    <Image Include="RES\ocean\ocean_turn_around_left_4_1.bmp">
      <Filter>Resource Files</Filter>
    </Image>
    <Image Include="RES\ocean\ocean_turn_around_left_4_2.bmp">
      <Filter>Resource Files</Filter>
    </Image>
    <Image Include="RES\ocean\ocean_turn_around_right_1.bmp">
      <Filter>Resource Files</Filter>
    </Image>
    <Image Include="RES\ocean\ocean_turn_around_right_1_1.bmp">
      <Filter>Resource Files</Filter>
    </Image>
    <Image Include="RES\ocean\ocean_turn_around_right_1_2.bmp">
      <Filter>Resource Files</Filter>
    </Image>
    <Image Include="RES\ocean\ocean_turn_around_right_2.bmp">
      <Filter>Resource Files</Filter>
    </Image>
    <Image Include="RES\ocean\ocean_turn_around_right_3.bmp">
      <Filter>Resource Files</Filter>
    </Image>
    <Image Include="RES\ocean\ocean_turn_around_right_4.bmp">
      <Filter>Resource Files</Filter>
    </Image>
    <Image Include="RES\ocean\ocean_turn_around_right_4_1.bmp">
      <Filter>Resource Files</Filter>
    </Image>
    <Image Include="RES\ocean\ocean_turn_around_right_4_2.bmp">
      <Filter>Resource Files</Filter>
    </Image>
    <Image Include="RES\ocean\ocean_21.bmp">
      <Filter>Resource Files</Filter>
    </Image>
    <Image Include="RES\ocean\ocean_22.bmp">
      <Filter>Resource Files</Filter>
    </Image>
    <Image Include="RES\ocean\ocean_27.bmp">
      <Filter>Resource Files</Filter>
    </Image>
    <Image Include="RES\ocean\ocean_28.bmp">
      <Filter>Resource Files</Filter>
    </Image>
    <Image Include="RES\ocean\ocean_29.bmp">
      <Filter>Resource Files</Filter>
    </Image>
    <Image Include="RES\ocean\ocean_30.bmp">
      <Filter>Resource Files</Filter>
    </Image>
    <Image Include="RES\ocean\ocean_31.bmp">
      <Filter>Resource Files</Filter>
    </Image>
    <Image Include="RES\ocean\ocean_34.bmp">
      <Filter>Resource Files</Filter>
    </Image>
    <Image Include="RES\ocean\ocean_35.bmp">
      <Filter>Resource Files</Filter>
    </Image>
    <Image Include="RES\ocean\ocean_36.bmp">
      <Filter>Resource Files</Filter>
    </Image>
    <Image Include="RES\ocean\ocean_37.bmp">
      <Filter>Resource Files</Filter>
    </Image>
    <Image Include="RES\ocean\ocean_38.bmp">
      <Filter>Resource Files</Filter>
    </Image>
    <Image Include="RES\ocean\ocean_41.bmp">
      <Filter>Resource Files</Filter>
    </Image>
    <Image Include="RES\ocean\ocean_42.bmp">
      <Filter>Resource Files</Filter>
    </Image>
    <Image Include="RES\ocean\ocean_43.bmp">
      <Filter>Resource Files</Filter>
    </Image>
    <Image Include="RES\ocean\ocean_44.bmp">
      <Filter>Resource Files</Filter>
    </Image>
    <Image Include="RES\ocean\ocean_58.bmp">
      <Filter>Resource Files</Filter>
    </Image>
    <Image Include="RES\ocean\ocean_59.bmp">
      <Filter>Resource Files</Filter>
    </Image>
    <Image Include="RES\ocean\ocean_621.bmp">
      <Filter>Resource Files</Filter>
    </Image>
    <Image Include="RES\ocean\ocean_622.bmp">
      <Filter>Resource Files</Filter>
    </Image>
    <Image Include="RES\ocean\ocean_623.bmp">
      <Filter>Resource Files</Filter>
    </Image>
    <Image Include="res\ocean\enemy_sh.bmp">
      <Filter>Resource Files</Filter>
    </Image>
    <Image Include="RES\ocean\ocean_44_1.bmp">
      <Filter>Resource Files</Filter>
    </Image>
    <Image Include="RES\player\40x45\play_blue_accelerate_ball1.bmp">
      <Filter>Resource Files</Filter>
    </Image>
    <Image Include="RES\player\40x45\play_blue_accelerate_ball2.bmp">
      <Filter>Resource Files</Filter>
    </Image>
    <Image Include="RES\player\40x45\play_blue_accelerate_ball3.bmp">
      <Filter>Resource Files</Filter>
    </Image>
    <Image Include="RES\player\40x45\play_blue_accelerate_ball4.bmp">
      <Filter>Resource Files</Filter>
    </Image>
    <Image Include="RES\player\40x45\play_blue_accelerate_ball5.bmp">
      <Filter>Resource Files</Filter>
    </Image>
    <Image Include="RES\player\40x45\play_blue_accelerate_ball6.bmp">
      <Filter>Resource Files</Filter>
    </Image>
    <Image Include="RES\player\40x45\play_blue_accelerate_run1.bmp">
      <Filter>Resource Files</Filter>
    </Image>
    <Image Include="RES\player\40x45\play_blue_accelerate_run2.bmp">
      <Filter>Resource Files</Filter>
    </Image>
    <Image Include="RES\player\40x45\play_blue_accelerate_run3.bmp">
      <Filter>Resource Files</Filter>
    </Image>
    <Image Include="RES\player\40x45\play_blue_accelerate_run4.bmp">
      <Filter>Resource Files</Filter>
    </Image>
    <Image Include="RES\player\40x45\play_blue_accelerate_run5.bmp">
      <Filter>Resource Files</Filter>
    </Image>
    <Image Include="RES\player\40x45\play_blue_accelerate_run6.bmp">
      <Filter>Resource Files</Filter>
    </Image>
    <Image Include="RES\player\40x45\play_blue_accelerate_run7.bmp">
      <Filter>Resource Files</Filter>
    </Image>
    <Image Include="RES\player\40x45\play_blue_accelerate_run8.bmp">
      <Filter>Resource Files</Filter>
    </Image>
    <Image Include="RES\player\40x45\play_blue_accelerate_run9.bmp">
      <Filter>Resource Files</Filter>
    </Image>
    <Image Include="RES\player\40x45\play_blue_Injured1.bmp">
      <Filter>Resource Files</Filter>
    </Image>
    <Image Include="RES\player\40x45\play_blue_Injured2.bmp">
      <Filter>Resource Files</Filter>
    </Image>
    <Image Include="RES\player\40x45\play_blue_jump.bmp">
      <Filter>Resource Files</Filter>
    </Image>
    <Image Include="RES\player\40x45\play_blue_jump_off1.bmp">
      <Filter>Resource Files</Filter>
    </Image>
    <Image Include="RES\player\40x45\play_blue_jump_off2.bmp">
      <Filter>Resource Files</Filter>
    </Image>
    <Image Include="RES\player\40x45\play_blue_normal_run1.bmp">
      <Filter>Resource Files</Filter>
    </Image>
    <Image Include="RES\player\40x45\play_blue_normal_run2.bmp">
      <Filter>Resource Files</Filter>
    </Image>
    <Image Include="RES\player\40x45\play_blue_normal_run3.bmp">
      <Filter>Resource Files</Filter>
    </Image>
    <Image Include="RES\player\40x45\play_blue_normal_run4.bmp">
      <Filter>Resource Files</Filter>
    </Image>
    <Image Include="RES\player\40x45\play_blue_normal_run5.bmp">
      <Filter>Resource Files</Filter>
    </Image>
    <Image Include="RES\player\40x45\play_blue_normal_run6.bmp">
      <Filter>Resource Files</Filter>
    </Image>
    <Image Include="RES\player\40x45\play_blue_normal_run7.bmp">
      <Filter>Resource Files</Filter>
    </Image>
    <Image Include="RES\player\40x45\play_blue_poss1.bmp">
      <Filter>Resource Files</Filter>
    </Image>
    <Image Include="RES\player\40x45\play_blue_poss2.bmp">
      <Filter>Resource Files</Filter>
    </Image>
    <Image Include="RES\player\40x45\play_blue_poss3.bmp">
      <Filter>Resource Files</Filter>
    </Image>
    <Image Include="RES\player\40x45\play_blue_poss4.bmp">
      <Filter>Resource Files</Filter>
    </Image>
    <Image Include="RES\player\40x45\play_blue_push1.bmp">
      <Filter>Resource Files</Filter>
    </Image>
    <Image Include="RES\player\40x45\play_blue_push2.bmp">
      <Filter>Resource Files</Filter>
    </Image>
    <Image Include="RES\player\40x45\play_blue_push3.bmp">
      <Filter>Resource Files</Filter>
    </Image>
    <Image Include="RES\player\40x45\play_blue_push4.bmp">
      <Filter>Resource Files</Filter>
    </Image>
    <Image Include="RES\player\40x45\play_blue_ready_roll1.bmp">
      <Filter>Resource Files</Filter>
    </Image>
    <Image Include="RES\player\40x45\play_blue_ready_roll2.bmp">
      <Filter>Resource Files</Filter>
    </Image>
    <Image Include="RES\player\40x45\play_blue_ready_roll3.bmp">
      <Filter>Resource Files</Filter>
    </Image>
    <Image Include="RES\player\40x45\play_blue_ready_roll4.bmp">
      <Filter>Resource Files</Filter>
    </Image>
    <Image Include="RES\player\40x45\play_blue_ready_roll5.bmp">
      <Filter>Resource Files</Filter>
    </Image>
    <Image Include="RES\player\40x45\play_blue_run_brakes1.bmp">
      <Filter>Resource Files</Filter>
    </Image>
    <Image Include="RES\player\40x45\play_blue_run_brakes2.bmp">
      <Filter>Resource Files</Filter>
    </Image>
    <Image Include="RES\player\40x45\play_blue_run_brakes3.bmp">
      <Filter>Resource Files</Filter>
    </Image>
    <Image Include="RES\player\40x45\play_blue_squat_roll1.bmp">
      <Filter>Resource Files</Filter>
    </Image>
    <Image Include="RES\player\40x45\play_blue_squat_roll2.bmp">
      <Filter>Resource Files</Filter>
    </Image>
    <Image Include="RES\player\40x40\play_blue_stand1.bmp">
      <Filter>Resource Files</Filter>
    </Image>
    <Image Include="RES\player\40x40\play_blue_stand2.bmp">
      <Filter>Resource Files</Filter>
    </Image>
    <Image Include="RES\player\40x40\play_blue_stand4.bmp">
      <Filter>Resource Files</Filter>
    </Image>
    <Image Include="RES\player\40x40\play_blue_stand5.bmp">
      <Filter>Resource Files</Filter>
    </Image>
    <Image Include="RES\player\40x40\play_blue_tand3.bmp">
      <Filter>Resource Files</Filter>
    </Image>
    <Image Include="res\ocean\bitmap19.bmp">
      <Filter>Resource Files</Filter>
    </Image>
    <Image Include="res\ocean\bmp00001.bmp">
      <Filter>Resource Files</Filter>
    </Image>
    <Image Include="..\Document\images\items\items_coin1.bmp">
      <Filter>Resource Files</Filter>
    </Image>
    <Image Include="..\Document\images\items\items_coin2.bmp">
      <Filter>Resource Files</Filter>
    </Image>
    <Image Include="..\Document\images\items\items_coin3.bmp">
      <Filter>Resource Files</Filter>
    </Image>
    <Image Include="..\Document\images\items\items_coin4.bmp">
      <Filter>Resource Files</Filter>
    </Image>
    <Image Include="..\Document\images\items\items_coin5.bmp">
      <Filter>Resource Files</Filter>
    </Image>
    <Image Include="..\Document\images\items\items_coin6.bmp">
      <Filter>Resource Files</Filter>
    </Image>
    <Image Include="..\Document\images\items\items_coin7.bmp">
      <Filter>Resource Files</Filter>
    </Image>
    <Image Include="..\Document\images\items\items_coin8.bmp">
      <Filter>Resource Files</Filter>
    </Image>
    <Image Include="RES\items\items_coin9.bmp">
      <Filter>Resource Files</Filter>
    </Image>
    <Image Include="RES\items\items_coin10.bmp">
      <Filter>Resource Files</Filter>
    </Image>
    <Image Include="RES\items\items_coin11.bmp">
      <Filter>Resource Files</Filter>
    </Image>
    <Image Include="RES\items\items_coin12.bmp">
      <Filter>Resource Files</Filter>
    </Image>
    <Image Include="res\items\items_coin1.bmp">
      <Filter>Resource Files</Filter>
    </Image>
    <Image Include="res\items\items_coin2.bmp">
      <Filter>Resource Files</Filter>
    </Image>
    <Image Include="res\items\items_coin3.bmp">
      <Filter>Resource Files</Filter>
    </Image>
    <Image Include="res\items\items_coin4.bmp">
      <Filter>Resource Files</Filter>
    </Image>
    <Image Include="res\items\items_coin5.bmp">
      <Filter>Resource Files</Filter>
    </Image>
    <Image Include="res\items\items_coin6.bmp">
      <Filter>Resource Files</Filter>
    </Image>
    <Image Include="res\items\items_coin7.bmp">
      <Filter>Resource Files</Filter>
    </Image>
    <Image Include="res\items\items_coin8.bmp">
      <Filter>Resource Files</Filter>
    </Image>
    <Image Include="RES\player\40x46\play_blue_before_jump.bmp">
      <Filter>Resource Files</Filter>
    </Image>
    <Image Include="RES\player\50x50\play_yellow_normal_run1.bmp">
      <Filter>Resource Files</Filter>
    </Image>
    <Image Include="RES\player\50x50\play_yellow_normal_run2.bmp">
      <Filter>Resource Files</Filter>
    </Image>
    <Image Include="RES\player\50x50\play_yellow_normal_run3.bmp">
      <Filter>Resource Files</Filter>
    </Image>
    <Image Include="RES\player\50x50\play_yellow_normal_run4.bmp">
      <Filter>Resource Files</Filter>
    </Image>
    <Image Include="RES\player\50x50\play_yellow_normal_run5.bmp">
      <Filter>Resource Files</Filter>
    </Image>
    <Image Include="RES\player\50x50\play_yellow_normal_run6.bmp">
      <Filter>Resource Files</Filter>
    </Image>
    <Image Include="RES\player\50x50\play_yellow_normal_run7.bmp">
      <Filter>Resource Files</Filter>
    </Image>
    <Image Include="RES\player\50x50\play_yellow_normal_run8.bmp">
      <Filter>Resource Files</Filter>
    </Image>
    <Image Include="RES\player\50x50\play_yellow_normal_run9.bmp">
      <Filter>Resource Files</Filter>
    </Image>
    <Image Include="RES\player\50x50\play_yellow_normal_run10.bmp">
      <Filter>Resource Files</Filter>
    </Image>
    <Image Include="RES\player\50x50\play_yellow_normal_run11.bmp">
      <Filter>Resource Files</Filter>
    </Image>
    <Image Include="RES\player\50x50\play_yellow_normal_run12.bmp">
      <Filter>Resource Files</Filter>
    </Image>
    <Image Include="RES\player\50x50\play_red_normal_run1.bmp">
      <Filter>Resource Files</Filter>
    </Image>
    <Image Include="RES\player\50x50\play_red_normal_run5.bmp">
      <Filter>Resource Files</Filter>
    </Image>
    <Image Include="RES\player\50x50\play_red_normal_run6.bmp">
      <Filter>Resource Files</Filter>
    </Image>
    <Image Include="RES\player\50x50\play_red_normal_run7.bmp">
      <Filter>Resource Files</Filter>
    </Image>
    <Image Include="RES\player\50x50\play_red_normal_run8.bmp">
      <Filter>Resource Files</Filter>
    </Image>
    <Image Include="RES\player\50x50\play_red_normal_run9.bmp">
      <Filter>Resource Files</Filter>
    </Image>
    <Image Include="RES\player\50x50\play_red_normal_run10.bmp">
      <Filter>Resource Files</Filter>
    </Image>
    <Image Include="RES\player\50x50\play_red_normal_run11.bmp">
      <Filter>Resource Files</Filter>
    </Image>
    <Image Include="RES\player\50x50\play_red_normal_run2.bmp">
      <Filter>Resource Files</Filter>
    </Image>
    <Image Include="RES\player\50x50\play_red_normal_run3.bmp">
      <Filter>Resource Files</Filter>
    </Image>
    <Image Include="RES\player\50x50\play_yellow_run_squat_station.bmp">
      <Filter>Resource Files</Filter>
    </Image>
    <Image Include="RES\player\50x50\play_yellow_run_squat1.bmp">
      <Filter>Resource Files</Filter>
    </Image>
    <Image Include="RES\player\50x50\play_red_look_up1.bmp">
      <Filter>Resource Files</Filter>
    </Image>
    <Image Include="RES\player\50x50\play_red_look_up2.bmp">
      <Filter>Resource Files</Filter>
    </Image>
    <Image Include="RES\player\50x50\play_red_ready_roll1.bmp">
      <Filter>Resource Files</Filter>
    </Image>
    <Image Include="RES\player\50x50\play_red_ready_roll2.bmp">
      <Filter>Resource Files</Filter>
    </Image>
    <Image Include="RES\player\50x50\play_red_ready_roll3.bmp">
      <Filter>Resource Files</Filter>
    </Image>
    <Image Include="RES\player\50x50\play_red_ready_roll4.bmp">
      <Filter>Resource Files</Filter>
    </Image>
    <Image Include="RES\player\50x50\play_yellow_accelerate_ball4.bmp">
      <Filter>Resource Files</Filter>
    </Image>
    <Image Include="RES\player\50x50\play_yellow_accelerate_ball5.bmp">
      <Filter>Resource Files</Filter>
    </Image>
    <Image Include="RES\player\50x50\play_yellow_accelerate_ball6.bmp">
      <Filter>Resource Files</Filter>
    </Image>
    <Image Include="RES\player\50x50\play_yellow_accelerate_ball7.bmp">
      <Filter>Resource Files</Filter>
    </Image>
    <Image Include="RES\player\50x50\play_red_squat1.bmp">
      <Filter>Resource Files</Filter>
    </Image>
    <Image Include="RES\player\50x50\play_red_squat2.bmp">
      <Filter>Resource Files</Filter>
    </Image>
    <Image Include="res\ocean\bitmap10.bmp">
      <Filter>Resource Files</Filter>
    </Image>
    <Image Include="RES\item_spring_pads\spring_pads_blue_left.bmp">
      <Filter>Resource Files</Filter>
    </Image>
    <Image Include="RES\item_spring_pads\spring_pads_blue_left__spring.bmp">
      <Filter>Resource Files</Filter>
    </Image>
    <Image Include="RES\item_spring_pads\spring_pads_blue_left_uder1.bmp">
      <Filter>Resource Files</Filter>
    </Image>
    <Image Include="RES\item_spring_pads\spring_pads_blue_left_uder2.bmp">
      <Filter>Resource Files</Filter>
    </Image>
    <Image Include="RES\item_spring_pads\spring_pads_blue_left_up1.bmp">
      <Filter>Resource Files</Filter>
    </Image>
    <Image Include="RES\item_spring_pads\spring_pads_blue_left_up2.bmp">
      <Filter>Resource Files</Filter>
    </Image>
    <Image Include="RES\item_spring_pads\spring_pads_blue_right.bmp">
      <Filter>Resource Files</Filter>
    </Image>
    <Image Include="RES\item_spring_pads\spring_pads_blue_right__spring.bmp">
      <Filter>Resource Files</Filter>
    </Image>
    <Image Include="RES\item_spring_pads\spring_pads_blue_right__uder1.bmp">
      <Filter>Resource Files</Filter>
    </Image>
    <Image Include="RES\item_spring_pads\spring_pads_blue_right__uder2.bmp">
      <Filter>Resource Files</Filter>
    </Image>
    <Image Include="RES\item_spring_pads\spring_pads_blue_right__up1.bmp">
      <Filter>Resource Files</Filter>
    </Image>
    <Image Include="RES\item_spring_pads\spring_pads_blue_right__up2.bmp">
      <Filter>Resource Files</Filter>
    </Image>
    <Image Include="RES\item_spring_pads\spring_pads_blue_uder_spring.bmp">
      <Filter>Resource Files</Filter>
    </Image>
    <Image Include="RES\item_spring_pads\spring_pads_blue_under.bmp">
      <Filter>Resource Files</Filter>
    </Image>
    <Image Include="RES\item_spring_pads\spring_pads_blue_up.bmp">
      <Filter>Resource Files</Filter>
    </Image>
    <Image Include="RES\item_spring_pads\spring_pads_blue_up_spring.bmp">
      <Filter>Resource Files</Filter>
    </Image>
    <Image Include="RES\item_spring_pads\spring_pads_red_left.bmp">
      <Filter>Resource Files</Filter>
    </Image>
    <Image Include="RES\item_spring_pads\spring_pads_red_left__spring.bmp">
      <Filter>Resource Files</Filter>
    </Image>
    <Image Include="RES\item_spring_pads\spring_pads_red_left_uder1.bmp">
      <Filter>Resource Files</Filter>
    </Image>
    <Image Include="RES\item_spring_pads\spring_pads_red_left_uder2.bmp">
      <Filter>Resource Files</Filter>
    </Image>
    <Image Include="RES\item_spring_pads\spring_pads_red_left_up1.bmp">
      <Filter>Resource Files</Filter>
    </Image>
    <Image Include="RES\item_spring_pads\spring_pads_red_left_up2.bmp">
      <Filter>Resource Files</Filter>
    </Image>
    <Image Include="RES\item_spring_pads\spring_pads_red_right.bmp">
      <Filter>Resource Files</Filter>
    </Image>
    <Image Include="RES\item_spring_pads\spring_pads_red_right__spring.bmp">
      <Filter>Resource Files</Filter>
    </Image>
    <Image Include="RES\item_spring_pads\spring_pads_red_right__uder1.bmp">
      <Filter>Resource Files</Filter>
    </Image>
    <Image Include="RES\item_spring_pads\spring_pads_red_right__uder2.bmp">
      <Filter>Resource Files</Filter>
    </Image>
    <Image Include="RES\item_spring_pads\spring_pads_red_right__up1.bmp">
      <Filter>Resource Files</Filter>
    </Image>
    <Image Include="RES\item_spring_pads\spring_pads_red_right__up2.bmp">
      <Filter>Resource Files</Filter>
    </Image>
    <Image Include="RES\item_spring_pads\spring_pads_red_uder_spring.bmp">
      <Filter>Resource Files</Filter>
    </Image>
    <Image Include="RES\item_spring_pads\spring_pads_red_under.bmp">
      <Filter>Resource Files</Filter>
    </Image>
    <Image Include="RES\item_spring_pads\spring_pads_red_up.bmp">
      <Filter>Resource Files</Filter>
    </Image>
    <Image Include="RES\item_spring_pads\spring_pads_red_up_spring.bmp">
      <Filter>Resource Files</Filter>
    </Image>
    <Image Include="RES\item_spring_pads\spring_pads_yell_left_uder1.bmp">
      <Filter>Resource Files</Filter>
    </Image>
    <Image Include="RES\item_spring_pads\spring_pads_yell_left_uder2.bmp">
      <Filter>Resource Files</Filter>
    </Image>
    <Image Include="RES\item_spring_pads\spring_pads_yell_left_up1.bmp">
      <Filter>Resource Files</Filter>
    </Image>
    <Image Include="RES\item_spring_pads\spring_pads_yell_left_up2.bmp">
      <Filter>Resource Files</Filter>
    </Image>
    <Image Include="RES\item_spring_pads\spring_pads_yell_right__uder1.bmp">
      <Filter>Resource Files</Filter>
    </Image>
    <Image Include="RES\item_spring_pads\spring_pads_yell_right__uder2.bmp">
      <Filter>Resource Files</Filter>
    </Image>
    <Image Include="RES\item_spring_pads\spring_pads_yell_right__up1.bmp">
      <Filter>Resource Files</Filter>
    </Image>
    <Image Include="RES\item_spring_pads\spring_pads_yell_right__up2.bmp">
      <Filter>Resource Files</Filter>
    </Image>
    <Image Include="RES\item_spring_pads\spring_pads_yellow_left.bmp">
      <Filter>Resource Files</Filter>
    </Image>
    <Image Include="RES\item_spring_pads\spring_pads_yellow_left__spring.bmp">
      <Filter>Resource Files</Filter>
    </Image>
    <Image Include="RES\item_spring_pads\spring_pads_yellow_right.bmp">
      <Filter>Resource Files</Filter>
    </Image>
    <Image Include="RES\item_spring_pads\spring_pads_yellow_right__spring.bmp">
      <Filter>Resource Files</Filter>
    </Image>
    <Image Include="RES\item_spring_pads\spring_pads_yellow_uder_spring.bmp">
      <Filter>Resource Files</Filter>
    </Image>
    <Image Include="RES\item_spring_pads\spring_pads_yellow_under.bmp">
      <Filter>Resource Files</Filter>
    </Image>
    <Image Include="RES\item_spring_pads\spring_pads_yellow_up.bmp">
      <Filter>Resource Files</Filter>
    </Image>
    <Image Include="RES\item_spring_pads\spring_pads_yellow_up_spring.bmp">
      <Filter>Resource Files</Filter>
    </Image>
    <Image Include="RES\spikes\spikes_left.bmp">
      <Filter>Resource Files</Filter>
    </Image>
    <Image Include="RES\spikes\spikes_right.bmp">
      <Filter>Resource Files</Filter>
    </Image>
    <Image Include="RES\spikes\spikes_under.bmp">
      <Filter>Resource Files</Filter>
    </Image>
    <Image Include="RES\spikes\spikes_up.bmp">
      <Filter>Resource Files</Filter>
    </Image>
    <Image Include="RES\items\items_butten1.bmp">
      <Filter>Resource Files</Filter>
    </Image>
    <Image Include="RES\items\items_butten2.bmp">
      <Filter>Resource Files</Filter>
    </Image>
    <Image Include="RES\items\items_Send1.bmp">
      <Filter>Resource Files</Filter>
    </Image>
    <Image Include="RES\items\items_Send2.bmp">
      <Filter>Resource Files</Filter>
    </Image>
    <Image Include="RES\items\items_big_coin_1.bmp">
      <Filter>Resource Files</Filter>
    </Image>
    <Image Include="RES\items\items_big_coin_2.bmp">
      <Filter>Resource Files</Filter>
    </Image>
    <Image Include="RES\items\items_big_coin_3.bmp">
      <Filter>Resource Files</Filter>
    </Image>
    <Image Include="RES\items\items_big_coin_4.bmp">
      <Filter>Resource Files</Filter>
    </Image>
    <Image Include="RES\items\items_big_coin_5.bmp">
      <Filter>Resource Files</Filter>
    </Image>
    <Image Include="RES\items\items_big_coin_6.bmp">
      <Filter>Resource Files</Filter>
    </Image>
    <Image Include="RES\items\items_big_coin_7.bmp">
      <Filter>Resource Files</Filter>
    </Image>
    <Image Include="RES\items\items_big_coin_8.bmp">
      <Filter>Resource Files</Filter>
    </Image>
    <Image Include="RES\items\items_big_coin_9.bmp">
      <Filter>Resource Files</Filter>
    </Image>
    <Image Include="RES\items\items_big_coin_10.bmp">
      <Filter>Resource Files</Filter>
    </Image>
    <Image Include="RES\items\items_gate_yellow.bmp">
      <Filter>Resource Files</Filter>
    </Image>
    <Image Include="RES\items\ITEMS_LOOP_4.bmp">
      <Filter>Resource Files</Filter>
    </Image>
    <Image Include="RES\items\ITEMS_LOOP_1.bmp">
      <Filter>Resource Files</Filter>
    </Image>
    <Image Include="RES\items\ITEMS_LOOP_2.bmp">
      <Filter>Resource Files</Filter>
    </Image>
    <Image Include="RES\items\ITEMS_LOOP_3.bmp">
      <Filter>Resource Files</Filter>
    </Image>
    <Image Include="RES\items\ITEMS_LOOP_5.bmp">
      <Filter>Resource Files</Filter>
    </Image>
    <Image Include="RES\items\ITEMS_LOOP_BLUE.bmp">
      <Filter>Resource Files</Filter>
    </Image>
    <Image Include="RES\items\ITEMS_LOOP_GREEN.bmp">
      <Filter>Resource Files</Filter>
    </Image>
    <Image Include="RES\items\ITEMS_LOOP_off.bmp">
      <Filter>Resource Files</Filter>
    </Image>
    <Image Include="RES\gui\Rings.bmp">
      <Filter>Resource Files</Filter>
    </Image>
    <Image Include="RES\gui\SCORE1.bmp">
      <Filter>Resource Files</Filter>
    </Image>
    <Image Include="RES\gui\TIME1.bmp">
      <Filter>Resource Files</Filter>
    </Image>
    <Image Include="RES\gui\RINGS1.bmp">
      <Filter>Resource Files</Filter>
    </Image>
    <Image Include="RES\ocean2\ocean_background_1.bmp">
      <Filter>Resource Files</Filter>
    </Image>
    <Image Include="RES\ocean2\ocean_background_2.bmp">
      <Filter>Resource Files</Filter>
    </Image>
    <Image Include="RES\ocean2\ocean_background_3.bmp">
      <Filter>Resource Files</Filter>
    </Image>
    <Image Include="RES\ocean2\ocean_background_bottom.bmp">
      <Filter>Resource Files</Filter>
    </Image>
    <Image Include="RES\ocean2\ocean_background_top.bmp">
      <Filter>Resource Files</Filter>
    </Image>
    <Image Include="RES\ocean2\ocean2_1.bmp">
      <Filter>Resource Files</Filter>
    </Image>
    <Image Include="RES\ocean2\ocean2_2.bmp">
      <Filter>Resource Files</Filter>
    </Image>
    <Image Include="RES\ocean2\ocean2_3.bmp">
      <Filter>Resource Files</Filter>
    </Image>
    <Image Include="RES\ocean2\ocean2_4.bmp">
      <Filter>Resource Files</Filter>
    </Image>
    <Image Include="RES\ocean2\ocean2_5.bmp">
      <Filter>Resource Files</Filter>
    </Image>
    <Image Include="RES\ocean2\ocean2_6.bmp">
      <Filter>Resource Files</Filter>
    </Image>
    <Image Include="RES\ocean2\ocean2_7.bmp">
      <Filter>Resource Files</Filter>
    </Image>
    <Image Include="RES\ocean2\ocean2_8.bmp">
      <Filter>Resource Files</Filter>
    </Image>
    <Image Include="RES\ocean2\ocean2_9.bmp">
      <Filter>Resource Files</Filter>
    </Image>
    <Image Include="RES\ocean2\ocean2_10.bmp">
      <Filter>Resource Files</Filter>
    </Image>
    <Image Include="RES\ocean2\ocean2_11.bmp">
      <Filter>Resource Files</Filter>
    </Image>
    <Image Include="RES\ocean2\ocean2_12.bmp">
      <Filter>Resource Files</Filter>
    </Image>
    <Image Include="RES\ocean2\ocean2_13.bmp">
      <Filter>Resource Files</Filter>
    </Image>
    <Image Include="RES\ocean2\ocean2_14.bmp">
      <Filter>Resource Files</Filter>
    </Image>
    <Image Include="RES\ocean2\ocean2_15.bmp">
      <Filter>Resource Files</Filter>
    </Image>
    <Image Include="RES\ocean2\ocean2_16.bmp">
      <Filter>Resource Files</Filter>
    </Image>
    <Image Include="RES\ocean2\ocean2_17.bmp">
      <Filter>Resource Files</Filter>
    </Image>
    <Image Include="RES\ocean2\ocean2_18.bmp">
      <Filter>Resource Files</Filter>
    </Image>
    <Image Include="RES\ocean2\ocean2_19.bmp">
      <Filter>Resource Files</Filter>
    </Image>
    <Image Include="RES\ocean2\ocean2_20.bmp">
      <Filter>Resource Files</Filter>
    </Image>
    <Image Include="RES\ocean2\ocean2_21.bmp">
      <Filter>Resource Files</Filter>
    </Image>
    <Image Include="RES\ocean2\ocean2_22.bmp">
      <Filter>Resource Files</Filter>
    </Image>
    <Image Include="RES\ocean2\ocean2_23.bmp">
      <Filter>Resource Files</Filter>
    </Image>
    <Image Include="RES\ocean2\ocean2_24.bmp">
      <Filter>Resource Files</Filter>
    </Image>
    <Image Include="RES\ocean2\ocean2_25.bmp">
      <Filter>Resource Files</Filter>
    </Image>
    <Image Include="RES\ocean2\ocean2_26.bmp">
      <Filter>Resource Files</Filter>
    </Image>
    <Image Include="RES\ocean2\ocean2_27.bmp">
      <Filter>Resource Files</Filter>
    </Image>
    <Image Include="RES\ocean2\ocean2_28.bmp">
      <Filter>Resource Files</Filter>
    </Image>
    <Image Include="RES\ocean2\ocean2_29.bmp">
      <Filter>Resource Files</Filter>
    </Image>
    <Image Include="RES\ocean2\ocean2_30.bmp">
      <Filter>Resource Files</Filter>
    </Image>
    <Image Include="RES\ocean2\ocean2_31.bmp">
      <Filter>Resource Files</Filter>
    </Image>
    <Image Include="RES\ocean2\ocean2_32.bmp">
      <Filter>Resource Files</Filter>
    </Image>
    <Image Include="RES\ocean2\ocean2_33.bmp">
      <Filter>Resource Files</Filter>
    </Image>
    <Image Include="RES\ocean2\ocean2_34.bmp">
      <Filter>Resource Files</Filter>
    </Image>
    <Image Include="RES\ocean2\ocean2_35.bmp">
      <Filter>Resource Files</Filter>
    </Image>
    <Image Include="RES\ocean2\ocean2_36.bmp">
      <Filter>Resource Files</Filter>
    </Image>
    <Image Include="RES\ocean2\ocean2_37.bmp">
      <Filter>Resource Files</Filter>
    </Image>
    <Image Include="RES\ocean2\ocean2_38.bmp">
      <Filter>Resource Files</Filter>
    </Image>
    <Image Include="RES\ocean2\ocean2_39.bmp">
      <Filter>Resource Files</Filter>
    </Image>
    <Image Include="RES\ocean2\ocean2_40.bmp">
      <Filter>Resource Files</Filter>
    </Image>
    <Image Include="RES\ocean2\ocean2_41.bmp">
      <Filter>Resource Files</Filter>
    </Image>
    <Image Include="RES\ocean2\ocean2_42.bmp">
      <Filter>Resource Files</Filter>
    </Image>
    <Image Include="RES\ocean2\ocean2_43.bmp">
      <Filter>Resource Files</Filter>
    </Image>
    <Image Include="RES\ocean2\ocean2_44.bmp">
      <Filter>Resource Files</Filter>
    </Image>
    <Image Include="RES\ocean2\ocean2_45.bmp">
      <Filter>Resource Files</Filter>
    </Image>
    <Image Include="RES\ocean2\ocean2_46.bmp">
      <Filter>Resource Files</Filter>
    </Image>
    <Image Include="RES\ocean2\ocean2_47.bmp">
      <Filter>Resource Files</Filter>
    </Image>
    <Image Include="RES\ocean2\ocean2_48.bmp">
      <Filter>Resource Files</Filter>
    </Image>
    <Image Include="RES\ocean2\ocean2_49.bmp">
      <Filter>Resource Files</Filter>
    </Image>
    <Image Include="RES\ocean2\ocean2_50.bmp">
      <Filter>Resource Files</Filter>
    </Image>
    <Image Include="RES\ocean2\ocean2_51.bmp">
      <Filter>Resource Files</Filter>
    </Image>
    <Image Include="RES\ocean2\ocean2_52.bmp">
      <Filter>Resource Files</Filter>
    </Image>
    <Image Include="RES\ocean2\ocean2_53.bmp">
      <Filter>Resource Files</Filter>
    </Image>
    <Image Include="RES\ocean2\ocean2_54.bmp">
      <Filter>Resource Files</Filter>
    </Image>
    <Image Include="RES\ocean2\ocean2_55.bmp">
      <Filter>Resource Files</Filter>
    </Image>
    <Image Include="RES\ocean2\ocean2_56.bmp">
      <Filter>Resource Files</Filter>
    </Image>
    <Image Include="RES\ocean2\ocean2_57.bmp">
      <Filter>Resource Files</Filter>
    </Image>
    <Image Include="RES\ocean2\ocean2_58.bmp">
      <Filter>Resource Files</Filter>
    </Image>
    <Image Include="RES\ocean2\ocean2_59.bmp">
      <Filter>Resource Files</Filter>
    </Image>
    <Image Include="RES\ocean2\ocean2_60.bmp">
      <Filter>Resource Files</Filter>
    </Image>
    <Image Include="RES\ocean2\ocean2_61.bmp">
      <Filter>Resource Files</Filter>
    </Image>
    <Image Include="RES\ocean2\ocean2_62.bmp">
      <Filter>Resource Files</Filter>
    </Image>
    <Image Include="RES\ocean2\ocean2_63.bmp">
      <Filter>Resource Files</Filter>
    </Image>
    <Image Include="RES\ocean2\ocean2_64.bmp">
      <Filter>Resource Files</Filter>
    </Image>
    <Image Include="RES\ocean2\ocean2_65.bmp">
      <Filter>Resource Files</Filter>
    </Image>
    <Image Include="RES\ocean2\ocean2_66.bmp">
      <Filter>Resource Files</Filter>
    </Image>
    <Image Include="RES\ocean2\ocean2_67.bmp">
      <Filter>Resource Files</Filter>
    </Image>
    <Image Include="RES\ocean2\ocean2_68.bmp">
      <Filter>Resource Files</Filter>
    </Image>
    <Image Include="RES\ocean2\ocean2_69.bmp">
      <Filter>Resource Files</Filter>
    </Image>
    <Image Include="RES\ocean2\ocean2_background_ferry.bmp">
      <Filter>Resource Files</Filter>
    </Image>
    <Image Include="RES\ocean2\ocean2_61_2.bmp">
      <Filter>Resource Files</Filter>
    </Image>
    <Image Include="RES\ocean2\ocean2_61_1.bmp">
      <Filter>Resource Files</Filter>
    </Image>
    <Image Include="RES\ocean2\ocean2_61_3.bmp">
      <Filter>Resource Files</Filter>
    </Image>
    <Image Include="RES\ocean2\ocean2_62_1.bmp">
      <Filter>Resource Files</Filter>
    </Image>
    <Image Include="RES\ocean2\ocean2_62_2.bmp">
      <Filter>Resource Files</Filter>
    </Image>
    <Image Include="RES\ocean2\ocean2_62_3.bmp">
      <Filter>Resource Files</Filter>
    </Image>
    <Image Include="RES\ocean2\ocean2_62_4.bmp">
      <Filter>Resource Files</Filter>
    </Image>
    <Image Include="RES\ocean2\ocean2_62_5.bmp">
      <Filter>Resource Files</Filter>
    </Image>
    <Image Include="RES\ocean2\ocean2_7_1.bmp">
      <Filter>Resource Files</Filter>
    </Image>
    <Image Include="RES\ocean2\ocean2_7_2.bmp">
      <Filter>Resource Files</Filter>
    </Image>
    <Image Include="RES\ocean2\ocean2_7_3.bmp">
      <Filter>Resource Files</Filter>
    </Image>
    <Image Include="RES\ocean2\ocean2_7_4.bmp">
      <Filter>Resource Files</Filter>
    </Image>
    <Image Include="RES\ocean2\ocean2_7_5.bmp">
      <Filter>Resource Files</Filter>
    </Image>
    <Image Include="RES\ocean2\ocean2_7_6.bmp">
      <Filter>Resource Files</Filter>
    </Image>
    <Image Include="RES\font\gui_semicolon.bmp">
      <Filter>Resource Files</Filter>
    </Image>
    <Image Include="res\ocean\bitmap47.bmp">
      <Filter>Resource Files</Filter>
    </Image>
    <Image Include="RES\island\island.bmp">
      <Filter>Resource Files</Filter>
    </Image>
    <Image Include="RES\island\island_.bmp">
      <Filter>Resource Files</Filter>
    </Image>
    <Image Include="RES\island\island__.bmp">
      <Filter>Resource Files</Filter>
    </Image>
    <Image Include="RES\island\island_0.bmp">
      <Filter>Resource Files</Filter>
    </Image>
    <Image Include="RES\island\island_1.bmp">
      <Filter>Resource Files</Filter>
    </Image>
    <Image Include="RES\island\island_2.bmp">
      <Filter>Resource Files</Filter>
    </Image>
    <Image Include="RES\island\island_3.bmp">
      <Filter>Resource Files</Filter>
    </Image>
    <Image Include="RES\island\island_3_2.bmp">
      <Filter>Resource Files</Filter>
    </Image>
    <Image Include="RES\island\island_5.bmp">
      <Filter>Resource Files</Filter>
    </Image>
    <Image Include="RES\island\island_8_1.bmp">
      <Filter>Resource Files</Filter>
    </Image>
    <Image Include="RES\island\island_8_2.bmp">
      <Filter>Resource Files</Filter>
    </Image>
    <Image Include="RES\island\island_9.bmp">
      <Filter>Resource Files</Filter>
    </Image>
    <Image Include="RES\island\island_10.bmp">
      <Filter>Resource Files</Filter>
    </Image>
    <Image Include="RES\island\island_11.bmp">
      <Filter>Resource Files</Filter>
    </Image>
    <Image Include="RES\island\island_12.bmp">
      <Filter>Resource Files</Filter>
    </Image>
    <Image Include="RES\island\island_13.bmp">
      <Filter>Resource Files</Filter>
    </Image>
    <Image Include="RES\island\island_14.bmp">
      <Filter>Resource Files</Filter>
    </Image>
    <Image Include="RES\island\island_15.bmp">
      <Filter>Resource Files</Filter>
    </Image>
    <Image Include="RES\island\island_16.bmp">
      <Filter>Resource Files</Filter>
    </Image>
    <Image Include="RES\island\island_17.bmp">
      <Filter>Resource Files</Filter>
    </Image>
    <Image Include="RES\island\island_18.bmp">
      <Filter>Resource Files</Filter>
    </Image>
    <Image Include="RES\island\island_19.bmp">
      <Filter>Resource Files</Filter>
    </Image>
    <Image Include="RES\island\island_20.bmp">
      <Filter>Resource Files</Filter>
    </Image>
    <Image Include="RES\island\island_21.bmp">
      <Filter>Resource Files</Filter>
    </Image>
    <Image Include="RES\island\island_arrow_left.bmp">
      <Filter>Resource Files</Filter>
    </Image>
    <Image Include="RES\island\island_arrow_right.bmp">
      <Filter>Resource Files</Filter>
    </Image>
    <Image Include="RES\island\island_arrow_under.bmp">
      <Filter>Resource Files</Filter>
    </Image>
    <Image Include="RES\island\island_arrow_up.bmp">
      <Filter>Resource Files</Filter>
    </Image>
    <Image Include="RES\island\island_Black.bmp">
      <Filter>Resource Files</Filter>
    </Image>
    <Image Include="RES\island\island_grass.bmp">
      <Filter>Resource Files</Filter>
    </Image>
    <Image Include="RES\island\island_left_1.bmp">
      <Filter>Resource Files</Filter>
    </Image>
    <Image Include="RES\island\island_left_2.bmp">
      <Filter>Resource Files</Filter>
    </Image>
    <Image Include="RES\island\island_left_3_2.bmp">
      <Filter>Resource Files</Filter>
    </Image>
    <Image Include="RES\island\island_4.bmp">
      <Filter>Resource Files</Filter>
    </Image>
    <Image Include="RES\island\island_left_2_1.bmp">
      <Filter>Resource Files</Filter>
    </Image>
    <Image Include="RES\island\island_left_2_2.bmp">
      <Filter>Resource Files</Filter>
    </Image>
    <Image Include="RES\island\island_left_2_3.bmp">
      <Filter>Resource Files</Filter>
    </Image>
    <Image Include="RES\island\island_left_2_4.bmp">
      <Filter>Resource Files</Filter>
    </Image>
    <Image Include="RES\island\island_left_2_5.bmp">
      <Filter>Resource Files</Filter>
    </Image>
    <Image Include="RES\island\island_left_3_1.bmp">
      <Filter>Resource Files</Filter>
    </Image>
    <Image Include="RES\island\island_left_3_3.bmp">
      <Filter>Resource Files</Filter>
    </Image>
    <Image Include="RES\island\island_left_3_4.bmp">
      <Filter>Resource Files</Filter>
    </Image>
    <Image Include="RES\island\island_left_3_5.bmp">
      <Filter>Resource Files</Filter>
    </Image>
    <Image Include="RES\island\island_left_4.bmp">
      <Filter>Resource Files</Filter>
    </Image>
    <Image Include="RES\island\island_left_5.bmp">
      <Filter>Resource Files</Filter>
    </Image>
    <Image Include="RES\island\island_left_7_2.bmp">
      <Filter>Resource Files</Filter>
    </Image>
    <Image Include="RES\island\island_left_7_3.bmp">
      <Filter>Resource Files</Filter>
    </Image>
    <Image Include="RES\island\island_left_machine_8.bmp">
      <Filter>Resource Files</Filter>
    </Image>
    <Image Include="RES\island\island_left_machine_9.bmp">
      <Filter>Resource Files</Filter>
    </Image>
    <Image Include="RES\island\island_machine_1.bmp">
      <Filter>Resource Files</Filter>
    </Image>
    <Image Include="RES\island\island_right_1.bmp">
      <Filter>Resource Files</Filter>
    </Image>
    <Image Include="RES\island\island_right_2_1.bmp">
      <Filter>Resource Files</Filter>
    </Image>
    <Image Include="RES\island\island_right_2_2.bmp">
      <Filter>Resource Files</Filter>
    </Image>
    <Image Include="RES\island\island_right_2_3.bmp">
      <Filter>Resource Files</Filter>
    </Image>
    <Image Include="RES\island\island_right_2_4.bmp">
      <Filter>Resource Files</Filter>
    </Image>
    <Image Include="RES\island\island_right_2_5.bmp">
      <Filter>Resource Files</Filter>
    </Image>
    <Image Include="RES\island\island_right_3_1.bmp">
      <Filter>Resource Files</Filter>
    </Image>
    <Image Include="RES\island\island_right_3_2.bmp">
      <Filter>Resource Files</Filter>
    </Image>
    <Image Include="RES\island\island_right_3_3.bmp">
      <Filter>Resource Files</Filter>
    </Image>
    <Image Include="RES\island\island_right_3_4.bmp">
      <Filter>Resource Files</Filter>
    </Image>
    <Image Include="RES\island\island_right_3_5.bmp">
      <Filter>Resource Files</Filter>
    </Image>
    <Image Include="RES\island\island_right_4.bmp">
      <Filter>Resource Files</Filter>
    </Image>
    <Image Include="RES\island\island_right_5.bmp">
      <Filter>Resource Files</Filter>
    </Image>
    <Image Include="RES\island\island_right_7_2.bmp">
      <Filter>Resource Files</Filter>
    </Image>
    <Image Include="RES\island\island_right_7_3.bmp">
      <Filter>Resource Files</Filter>
    </Image>
    <Image Include="RES\island\island_right_machine_8.bmp">
      <Filter>Resource Files</Filter>
    </Image>
    <Image Include="RES\island\island_right_machine_9.bmp">
      <Filter>Resource Files</Filter>
    </Image>
    <Image Include="RES\island\island_1_1.bmp">
      <Filter>Resource Files</Filter>
    </Image>
    <Image Include="RES\island\island_9_1.bmp">
      <Filter>Resource Files</Filter>
    </Image>
  </ItemGroup>
</Project>